// !$*UTF8*$!
{
	archiveVersion = 1;
	classes = {
	};
	objectVersion = 55;
	objects = {

/* Begin PBXBuildFile section */
		8D6ED4872720B8D60090017E /* Utilities.swift in Sources */ = {isa = PBXBuildFile; fileRef = 8D6ED4862720B8D60090017E /* Utilities.swift */; };
		8D714816272097D3003B1A22 /* AppDelegate.swift in Sources */ = {isa = PBXBuildFile; fileRef = 8D714815272097D3003B1A22 /* AppDelegate.swift */; };
		8D714818272097D3003B1A22 /* SceneDelegate.swift in Sources */ = {isa = PBXBuildFile; fileRef = 8D714817272097D3003B1A22 /* SceneDelegate.swift */; };
		8D71481F272097D9003B1A22 /* Assets.xcassets in Resources */ = {isa = PBXBuildFile; fileRef = 8D71481E272097D9003B1A22 /* Assets.xcassets */; };
		8D714822272097D9003B1A22 /* LaunchScreen.storyboard in Resources */ = {isa = PBXBuildFile; fileRef = 8D714820272097D9003B1A22 /* LaunchScreen.storyboard */; };
		8D71482D272097D9003B1A22 /* TwitterClientTests.swift in Sources */ = {isa = PBXBuildFile; fileRef = 8D71482C272097D9003B1A22 /* TwitterClientTests.swift */; };
		8D714837272097D9003B1A22 /* TwitterClientUITests.swift in Sources */ = {isa = PBXBuildFile; fileRef = 8D714836272097D9003B1A22 /* TwitterClientUITests.swift */; };
		8D714839272097D9003B1A22 /* TwitterClientUITestsLaunchTests.swift in Sources */ = {isa = PBXBuildFile; fileRef = 8D714838272097D9003B1A22 /* TwitterClientUITestsLaunchTests.swift */; };
		8D71484B27209953003B1A22 /* LoginController.swift in Sources */ = {isa = PBXBuildFile; fileRef = 8D71484A27209953003B1A22 /* LoginController.swift */; };
		8D71484D27209AAF003B1A22 /* FeedController.swift in Sources */ = {isa = PBXBuildFile; fileRef = 8D71484C27209AAF003B1A22 /* FeedController.swift */; };
		8D71484F2720A90F003B1A22 /* Extensions.swift in Sources */ = {isa = PBXBuildFile; fileRef = 8D71484E2720A90F003B1A22 /* Extensions.swift */; };
/* End PBXBuildFile section */

/* Begin PBXContainerItemProxy section */
		8D714829272097D9003B1A22 /* PBXContainerItemProxy */ = {
			isa = PBXContainerItemProxy;
			containerPortal = 8D71480A272097D3003B1A22 /* Project object */;
			proxyType = 1;
			remoteGlobalIDString = 8D714811272097D3003B1A22;
			remoteInfo = TwitterClient;
		};
		8D714833272097D9003B1A22 /* PBXContainerItemProxy */ = {
			isa = PBXContainerItemProxy;
			containerPortal = 8D71480A272097D3003B1A22 /* Project object */;
			proxyType = 1;
			remoteGlobalIDString = 8D714811272097D3003B1A22;
			remoteInfo = TwitterClient;
		};
/* End PBXContainerItemProxy section */

/* Begin PBXFileReference section */
		8D6ED4862720B8D60090017E /* Utilities.swift */ = {isa = PBXFileReference; lastKnownFileType = sourcecode.swift; path = Utilities.swift; sourceTree = "<group>"; };
		8D714812272097D3003B1A22 /* TwitterClient.app */ = {isa = PBXFileReference; explicitFileType = wrapper.application; includeInIndex = 0; path = TwitterClient.app; sourceTree = BUILT_PRODUCTS_DIR; };
		8D714815272097D3003B1A22 /* AppDelegate.swift */ = {isa = PBXFileReference; lastKnownFileType = sourcecode.swift; path = AppDelegate.swift; sourceTree = "<group>"; };
		8D714817272097D3003B1A22 /* SceneDelegate.swift */ = {isa = PBXFileReference; lastKnownFileType = sourcecode.swift; path = SceneDelegate.swift; sourceTree = "<group>"; };
		8D71481E272097D9003B1A22 /* Assets.xcassets */ = {isa = PBXFileReference; lastKnownFileType = folder.assetcatalog; path = Assets.xcassets; sourceTree = "<group>"; };
		8D714821272097D9003B1A22 /* Base */ = {isa = PBXFileReference; lastKnownFileType = file.storyboard; name = Base; path = Base.lproj/LaunchScreen.storyboard; sourceTree = "<group>"; };
		8D714823272097D9003B1A22 /* Info.plist */ = {isa = PBXFileReference; lastKnownFileType = text.plist.xml; path = Info.plist; sourceTree = "<group>"; };
		8D714828272097D9003B1A22 /* TwitterClientTests.xctest */ = {isa = PBXFileReference; explicitFileType = wrapper.cfbundle; includeInIndex = 0; path = TwitterClientTests.xctest; sourceTree = BUILT_PRODUCTS_DIR; };
		8D71482C272097D9003B1A22 /* TwitterClientTests.swift */ = {isa = PBXFileReference; lastKnownFileType = sourcecode.swift; path = TwitterClientTests.swift; sourceTree = "<group>"; };
		8D714832272097D9003B1A22 /* TwitterClientUITests.xctest */ = {isa = PBXFileReference; explicitFileType = wrapper.cfbundle; includeInIndex = 0; path = TwitterClientUITests.xctest; sourceTree = BUILT_PRODUCTS_DIR; };
		8D714836272097D9003B1A22 /* TwitterClientUITests.swift */ = {isa = PBXFileReference; lastKnownFileType = sourcecode.swift; path = TwitterClientUITests.swift; sourceTree = "<group>"; };
		8D714838272097D9003B1A22 /* TwitterClientUITestsLaunchTests.swift */ = {isa = PBXFileReference; lastKnownFileType = sourcecode.swift; path = TwitterClientUITestsLaunchTests.swift; sourceTree = "<group>"; };
		8D71484A27209953003B1A22 /* LoginController.swift */ = {isa = PBXFileReference; lastKnownFileType = sourcecode.swift; path = LoginController.swift; sourceTree = "<group>"; };
		8D71484C27209AAF003B1A22 /* FeedController.swift */ = {isa = PBXFileReference; lastKnownFileType = sourcecode.swift; path = FeedController.swift; sourceTree = "<group>"; };
		8D71484E2720A90F003B1A22 /* Extensions.swift */ = {isa = PBXFileReference; lastKnownFileType = sourcecode.swift; path = Extensions.swift; sourceTree = "<group>"; };
/* End PBXFileReference section */

/* Begin PBXFrameworksBuildPhase section */
		8D71480F272097D3003B1A22 /* Frameworks */ = {
			isa = PBXFrameworksBuildPhase;
			buildActionMask = 2147483647;
			files = (
			);
			runOnlyForDeploymentPostprocessing = 0;
		};
		8D714825272097D9003B1A22 /* Frameworks */ = {
			isa = PBXFrameworksBuildPhase;
			buildActionMask = 2147483647;
			files = (
			);
			runOnlyForDeploymentPostprocessing = 0;
		};
		8D71482F272097D9003B1A22 /* Frameworks */ = {
			isa = PBXFrameworksBuildPhase;
			buildActionMask = 2147483647;
			files = (
			);
			runOnlyForDeploymentPostprocessing = 0;
		};
/* End PBXFrameworksBuildPhase section */

/* Begin PBXGroup section */
		8D714809272097D3003B1A22 = {
			isa = PBXGroup;
			children = (
				8D714814272097D3003B1A22 /* TwitterClient */,
				8D71482B272097D9003B1A22 /* TwitterClientTests */,
				8D714835272097D9003B1A22 /* TwitterClientUITests */,
				8D714813272097D3003B1A22 /* Products */,
			);
			sourceTree = "<group>";
		};
		8D714813272097D3003B1A22 /* Products */ = {
			isa = PBXGroup;
			children = (
				8D714812272097D3003B1A22 /* TwitterClient.app */,
				8D714828272097D9003B1A22 /* TwitterClientTests.xctest */,
				8D714832272097D9003B1A22 /* TwitterClientUITests.xctest */,
			);
			name = Products;
			sourceTree = "<group>";
		};
		8D714814272097D3003B1A22 /* TwitterClient */ = {
			isa = PBXGroup;
			children = (
				8D714845272097FC003B1A22 /* Model */,
				8D71484927209840003B1A22 /* View */,
				8D7148482720982E003B1A22 /* ViewModel */,
				8D71484727209823003B1A22 /* Controller */,
				8D7148462720980B003B1A22 /* Utils */,
				8D714815272097D3003B1A22 /* AppDelegate.swift */,
				8D714817272097D3003B1A22 /* SceneDelegate.swift */,
				8D71481E272097D9003B1A22 /* Assets.xcassets */,
				8D714820272097D9003B1A22 /* LaunchScreen.storyboard */,
				8D714823272097D9003B1A22 /* Info.plist */,
			);
			path = TwitterClient;
			sourceTree = "<group>";
		};
		8D71482B272097D9003B1A22 /* TwitterClientTests */ = {
			isa = PBXGroup;
			children = (
				8D71482C272097D9003B1A22 /* TwitterClientTests.swift */,
			);
			path = TwitterClientTests;
			sourceTree = "<group>";
		};
		8D714835272097D9003B1A22 /* TwitterClientUITests */ = {
			isa = PBXGroup;
			children = (
				8D714836272097D9003B1A22 /* TwitterClientUITests.swift */,
				8D714838272097D9003B1A22 /* TwitterClientUITestsLaunchTests.swift */,
			);
			path = TwitterClientUITests;
			sourceTree = "<group>";
		};
		8D714845272097FC003B1A22 /* Model */ = {
			isa = PBXGroup;
			children = (
			);
			path = Model;
			sourceTree = "<group>";
		};
		8D7148462720980B003B1A22 /* Utils */ = {
			isa = PBXGroup;
			children = (
				8D71484E2720A90F003B1A22 /* Extensions.swift */,
				8D6ED4862720B8D60090017E /* Utilities.swift */,
			);
			path = Utils;
			sourceTree = "<group>";
		};
		8D71484727209823003B1A22 /* Controller */ = {
			isa = PBXGroup;
			children = (
				8D71484A27209953003B1A22 /* LoginController.swift */,
				8D71484C27209AAF003B1A22 /* FeedController.swift */,
			);
			path = Controller;
			sourceTree = "<group>";
		};
		8D7148482720982E003B1A22 /* ViewModel */ = {
			isa = PBXGroup;
			children = (
			);
			path = ViewModel;
			sourceTree = "<group>";
		};
		8D71484927209840003B1A22 /* View */ = {
			isa = PBXGroup;
			children = (
			);
			path = View;
			sourceTree = "<group>";
		};
/* End PBXGroup section */

/* Begin PBXNativeTarget section */
		8D714811272097D3003B1A22 /* TwitterClient */ = {
			isa = PBXNativeTarget;
			buildConfigurationList = 8D71483C272097D9003B1A22 /* Build configuration list for PBXNativeTarget "TwitterClient" */;
			buildPhases = (
				8D71480E272097D3003B1A22 /* Sources */,
				8D71480F272097D3003B1A22 /* Frameworks */,
				8D714810272097D3003B1A22 /* Resources */,
			);
			buildRules = (
			);
			dependencies = (
			);
			name = TwitterClient;
			productName = TwitterClient;
			productReference = 8D714812272097D3003B1A22 /* TwitterClient.app */;
			productType = "com.apple.product-type.application";
		};
		8D714827272097D9003B1A22 /* TwitterClientTests */ = {
			isa = PBXNativeTarget;
			buildConfigurationList = 8D71483F272097D9003B1A22 /* Build configuration list for PBXNativeTarget "TwitterClientTests" */;
			buildPhases = (
				8D714824272097D9003B1A22 /* Sources */,
				8D714825272097D9003B1A22 /* Frameworks */,
				8D714826272097D9003B1A22 /* Resources */,
			);
			buildRules = (
			);
			dependencies = (
				8D71482A272097D9003B1A22 /* PBXTargetDependency */,
			);
			name = TwitterClientTests;
			productName = TwitterClientTests;
			productReference = 8D714828272097D9003B1A22 /* TwitterClientTests.xctest */;
			productType = "com.apple.product-type.bundle.unit-test";
		};
		8D714831272097D9003B1A22 /* TwitterClientUITests */ = {
			isa = PBXNativeTarget;
			buildConfigurationList = 8D714842272097D9003B1A22 /* Build configuration list for PBXNativeTarget "TwitterClientUITests" */;
			buildPhases = (
				8D71482E272097D9003B1A22 /* Sources */,
				8D71482F272097D9003B1A22 /* Frameworks */,
				8D714830272097D9003B1A22 /* Resources */,
			);
			buildRules = (
			);
			dependencies = (
				8D714834272097D9003B1A22 /* PBXTargetDependency */,
			);
			name = TwitterClientUITests;
			productName = TwitterClientUITests;
			productReference = 8D714832272097D9003B1A22 /* TwitterClientUITests.xctest */;
			productType = "com.apple.product-type.bundle.ui-testing";
		};
/* End PBXNativeTarget section */

/* Begin PBXProject section */
		8D71480A272097D3003B1A22 /* Project object */ = {
			isa = PBXProject;
			attributes = {
				BuildIndependentTargetsInParallel = 1;
				LastSwiftUpdateCheck = 1300;
				LastUpgradeCheck = 1300;
				TargetAttributes = {
					8D714811272097D3003B1A22 = {
						CreatedOnToolsVersion = 13.0;
					};
					8D714827272097D9003B1A22 = {
						CreatedOnToolsVersion = 13.0;
						TestTargetID = 8D714811272097D3003B1A22;
					};
					8D714831272097D9003B1A22 = {
						CreatedOnToolsVersion = 13.0;
						TestTargetID = 8D714811272097D3003B1A22;
					};
				};
			};
			buildConfigurationList = 8D71480D272097D3003B1A22 /* Build configuration list for PBXProject "TwitterClient" */;
			compatibilityVersion = "Xcode 13.0";
			developmentRegion = en;
			hasScannedForEncodings = 0;
			knownRegions = (
				en,
				Base,
			);
			mainGroup = 8D714809272097D3003B1A22;
			productRefGroup = 8D714813272097D3003B1A22 /* Products */;
			projectDirPath = "";
			projectRoot = "";
			targets = (
				8D714811272097D3003B1A22 /* TwitterClient */,
				8D714827272097D9003B1A22 /* TwitterClientTests */,
				8D714831272097D9003B1A22 /* TwitterClientUITests */,
			);
		};
/* End PBXProject section */

/* Begin PBXResourcesBuildPhase section */
		8D714810272097D3003B1A22 /* Resources */ = {
			isa = PBXResourcesBuildPhase;
			buildActionMask = 2147483647;
			files = (
				8D714822272097D9003B1A22 /* LaunchScreen.storyboard in Resources */,
				8D71481F272097D9003B1A22 /* Assets.xcassets in Resources */,
			);
			runOnlyForDeploymentPostprocessing = 0;
		};
		8D714826272097D9003B1A22 /* Resources */ = {
			isa = PBXResourcesBuildPhase;
			buildActionMask = 2147483647;
			files = (
			);
			runOnlyForDeploymentPostprocessing = 0;
		};
		8D714830272097D9003B1A22 /* Resources */ = {
			isa = PBXResourcesBuildPhase;
			buildActionMask = 2147483647;
			files = (
			);
			runOnlyForDeploymentPostprocessing = 0;
		};
/* End PBXResourcesBuildPhase section */

/* Begin PBXSourcesBuildPhase section */
		8D71480E272097D3003B1A22 /* Sources */ = {
			isa = PBXSourcesBuildPhase;
			buildActionMask = 2147483647;
			files = (
				8D6ED4872720B8D60090017E /* Utilities.swift in Sources */,
				8D71484B27209953003B1A22 /* LoginController.swift in Sources */,
				8D714816272097D3003B1A22 /* AppDelegate.swift in Sources */,
				8D714818272097D3003B1A22 /* SceneDelegate.swift in Sources */,
				8D71484D27209AAF003B1A22 /* FeedController.swift in Sources */,
				8D71484F2720A90F003B1A22 /* Extensions.swift in Sources */,
			);
			runOnlyForDeploymentPostprocessing = 0;
		};
		8D714824272097D9003B1A22 /* Sources */ = {
			isa = PBXSourcesBuildPhase;
			buildActionMask = 2147483647;
			files = (
				8D71482D272097D9003B1A22 /* TwitterClientTests.swift in Sources */,
			);
			runOnlyForDeploymentPostprocessing = 0;
		};
		8D71482E272097D9003B1A22 /* Sources */ = {
			isa = PBXSourcesBuildPhase;
			buildActionMask = 2147483647;
			files = (
				8D714837272097D9003B1A22 /* TwitterClientUITests.swift in Sources */,
				8D714839272097D9003B1A22 /* TwitterClientUITestsLaunchTests.swift in Sources */,
			);
			runOnlyForDeploymentPostprocessing = 0;
		};
/* End PBXSourcesBuildPhase section */

/* Begin PBXTargetDependency section */
		8D71482A272097D9003B1A22 /* PBXTargetDependency */ = {
			isa = PBXTargetDependency;
			target = 8D714811272097D3003B1A22 /* TwitterClient */;
			targetProxy = 8D714829272097D9003B1A22 /* PBXContainerItemProxy */;
		};
		8D714834272097D9003B1A22 /* PBXTargetDependency */ = {
			isa = PBXTargetDependency;
			target = 8D714811272097D3003B1A22 /* TwitterClient */;
			targetProxy = 8D714833272097D9003B1A22 /* PBXContainerItemProxy */;
		};
/* End PBXTargetDependency section */

/* Begin PBXVariantGroup section */
		8D714820272097D9003B1A22 /* LaunchScreen.storyboard */ = {
			isa = PBXVariantGroup;
			children = (
				8D714821272097D9003B1A22 /* Base */,
			);
			name = LaunchScreen.storyboard;
			sourceTree = "<group>";
		};
/* End PBXVariantGroup section */

/* Begin XCBuildConfiguration section */
		8D71483A272097D9003B1A22 /* Debug */ = {
			isa = XCBuildConfiguration;
			buildSettings = {
				ALWAYS_SEARCH_USER_PATHS = NO;
				CLANG_ANALYZER_NONNULL = YES;
				CLANG_ANALYZER_NUMBER_OBJECT_CONVERSION = YES_AGGRESSIVE;
				CLANG_CXX_LANGUAGE_STANDARD = "gnu++17";
				CLANG_CXX_LIBRARY = "libc++";
				CLANG_ENABLE_MODULES = YES;
				CLANG_ENABLE_OBJC_ARC = YES;
				CLANG_ENABLE_OBJC_WEAK = YES;
				CLANG_WARN_BLOCK_CAPTURE_AUTORELEASING = YES;
				CLANG_WARN_BOOL_CONVERSION = YES;
				CLANG_WARN_COMMA = YES;
				CLANG_WARN_CONSTANT_CONVERSION = YES;
				CLANG_WARN_DEPRECATED_OBJC_IMPLEMENTATIONS = YES;
				CLANG_WARN_DIRECT_OBJC_ISA_USAGE = YES_ERROR;
				CLANG_WARN_DOCUMENTATION_COMMENTS = YES;
				CLANG_WARN_EMPTY_BODY = YES;
				CLANG_WARN_ENUM_CONVERSION = YES;
				CLANG_WARN_INFINITE_RECURSION = YES;
				CLANG_WARN_INT_CONVERSION = YES;
				CLANG_WARN_NON_LITERAL_NULL_CONVERSION = YES;
				CLANG_WARN_OBJC_IMPLICIT_RETAIN_SELF = YES;
				CLANG_WARN_OBJC_LITERAL_CONVERSION = YES;
				CLANG_WARN_OBJC_ROOT_CLASS = YES_ERROR;
				CLANG_WARN_QUOTED_INCLUDE_IN_FRAMEWORK_HEADER = YES;
				CLANG_WARN_RANGE_LOOP_ANALYSIS = YES;
				CLANG_WARN_STRICT_PROTOTYPES = YES;
				CLANG_WARN_SUSPICIOUS_MOVE = YES;
				CLANG_WARN_UNGUARDED_AVAILABILITY = YES_AGGRESSIVE;
				CLANG_WARN_UNREACHABLE_CODE = YES;
				CLANG_WARN__DUPLICATE_METHOD_MATCH = YES;
				COPY_PHASE_STRIP = NO;
				DEBUG_INFORMATION_FORMAT = dwarf;
				ENABLE_STRICT_OBJC_MSGSEND = YES;
				ENABLE_TESTABILITY = YES;
				GCC_C_LANGUAGE_STANDARD = gnu11;
				GCC_DYNAMIC_NO_PIC = NO;
				GCC_NO_COMMON_BLOCKS = YES;
				GCC_OPTIMIZATION_LEVEL = 0;
				GCC_PREPROCESSOR_DEFINITIONS = (
					"DEBUG=1",
					"$(inherited)",
				);
				GCC_WARN_64_TO_32_BIT_CONVERSION = YES;
				GCC_WARN_ABOUT_RETURN_TYPE = YES_ERROR;
				GCC_WARN_UNDECLARED_SELECTOR = YES;
				GCC_WARN_UNINITIALIZED_AUTOS = YES_AGGRESSIVE;
				GCC_WARN_UNUSED_FUNCTION = YES;
				GCC_WARN_UNUSED_VARIABLE = YES;
				IPHONEOS_DEPLOYMENT_TARGET = 15.0;
				MTL_ENABLE_DEBUG_INFO = INCLUDE_SOURCE;
				MTL_FAST_MATH = YES;
				ONLY_ACTIVE_ARCH = YES;
				SDKROOT = iphoneos;
				SWIFT_ACTIVE_COMPILATION_CONDITIONS = DEBUG;
				SWIFT_OPTIMIZATION_LEVEL = "-Onone";
			};
			name = Debug;
		};
		8D71483B272097D9003B1A22 /* Release */ = {
			isa = XCBuildConfiguration;
			buildSettings = {
				ALWAYS_SEARCH_USER_PATHS = NO;
				CLANG_ANALYZER_NONNULL = YES;
				CLANG_ANALYZER_NUMBER_OBJECT_CONVERSION = YES_AGGRESSIVE;
				CLANG_CXX_LANGUAGE_STANDARD = "gnu++17";
				CLANG_CXX_LIBRARY = "libc++";
				CLANG_ENABLE_MODULES = YES;
				CLANG_ENABLE_OBJC_ARC = YES;
				CLANG_ENABLE_OBJC_WEAK = YES;
				CLANG_WARN_BLOCK_CAPTURE_AUTORELEASING = YES;
				CLANG_WARN_BOOL_CONVERSION = YES;
				CLANG_WARN_COMMA = YES;
				CLANG_WARN_CONSTANT_CONVERSION = YES;
				CLANG_WARN_DEPRECATED_OBJC_IMPLEMENTATIONS = YES;
				CLANG_WARN_DIRECT_OBJC_ISA_USAGE = YES_ERROR;
				CLANG_WARN_DOCUMENTATION_COMMENTS = YES;
				CLANG_WARN_EMPTY_BODY = YES;
				CLANG_WARN_ENUM_CONVERSION = YES;
				CLANG_WARN_INFINITE_RECURSION = YES;
				CLANG_WARN_INT_CONVERSION = YES;
				CLANG_WARN_NON_LITERAL_NULL_CONVERSION = YES;
				CLANG_WARN_OBJC_IMPLICIT_RETAIN_SELF = YES;
				CLANG_WARN_OBJC_LITERAL_CONVERSION = YES;
				CLANG_WARN_OBJC_ROOT_CLASS = YES_ERROR;
				CLANG_WARN_QUOTED_INCLUDE_IN_FRAMEWORK_HEADER = YES;
				CLANG_WARN_RANGE_LOOP_ANALYSIS = YES;
				CLANG_WARN_STRICT_PROTOTYPES = YES;
				CLANG_WARN_SUSPICIOUS_MOVE = YES;
				CLANG_WARN_UNGUARDED_AVAILABILITY = YES_AGGRESSIVE;
				CLANG_WARN_UNREACHABLE_CODE = YES;
				CLANG_WARN__DUPLICATE_METHOD_MATCH = YES;
				COPY_PHASE_STRIP = NO;
				DEBUG_INFORMATION_FORMAT = "dwarf-with-dsym";
				ENABLE_NS_ASSERTIONS = NO;
				ENABLE_STRICT_OBJC_MSGSEND = YES;
				GCC_C_LANGUAGE_STANDARD = gnu11;
				GCC_NO_COMMON_BLOCKS = YES;
				GCC_WARN_64_TO_32_BIT_CONVERSION = YES;
				GCC_WARN_ABOUT_RETURN_TYPE = YES_ERROR;
				GCC_WARN_UNDECLARED_SELECTOR = YES;
				GCC_WARN_UNINITIALIZED_AUTOS = YES_AGGRESSIVE;
				GCC_WARN_UNUSED_FUNCTION = YES;
				GCC_WARN_UNUSED_VARIABLE = YES;
				IPHONEOS_DEPLOYMENT_TARGET = 15.0;
				MTL_ENABLE_DEBUG_INFO = NO;
				MTL_FAST_MATH = YES;
				SDKROOT = iphoneos;
				SWIFT_COMPILATION_MODE = wholemodule;
				SWIFT_OPTIMIZATION_LEVEL = "-O";
				VALIDATE_PRODUCT = YES;
			};
			name = Release;
		};
		8D71483D272097D9003B1A22 /* Debug */ = {
			isa = XCBuildConfiguration;
			buildSettings = {
				ASSETCATALOG_COMPILER_APPICON_NAME = AppIcon;
				ASSETCATALOG_COMPILER_GLOBAL_ACCENT_COLOR_NAME = AccentColor;
				CODE_SIGN_STYLE = Automatic;
				CURRENT_PROJECT_VERSION = 1;
				DEVELOPMENT_TEAM = UAGG6Y83F8;
				GENERATE_INFOPLIST_FILE = YES;
				INFOPLIST_FILE = TwitterClient/Info.plist;
				INFOPLIST_KEY_UIApplicationSupportsIndirectInputEvents = YES;
				INFOPLIST_KEY_UILaunchStoryboardName = LaunchScreen;
				INFOPLIST_KEY_UISupportedInterfaceOrientations_iPad = "UIInterfaceOrientationPortrait UIInterfaceOrientationPortraitUpsideDown UIInterfaceOrientationLandscapeLeft UIInterfaceOrientationLandscapeRight";
				INFOPLIST_KEY_UISupportedInterfaceOrientations_iPhone = "UIInterfaceOrientationPortrait UIInterfaceOrientationLandscapeLeft UIInterfaceOrientationLandscapeRight";
				LD_RUNPATH_SEARCH_PATHS = (
					"$(inherited)",
					"@executable_path/Frameworks",
				);
				MARKETING_VERSION = 1.0;
				PRODUCT_BUNDLE_IDENTIFIER = com.student.TwitterClient;
				PRODUCT_NAME = "$(TARGET_NAME)";
				SWIFT_EMIT_LOC_STRINGS = YES;
				SWIFT_VERSION = 5.0;
				TARGETED_DEVICE_FAMILY = "1,2";
			};
			name = Debug;
		};
		8D71483E272097D9003B1A22 /* Release */ = {
			isa = XCBuildConfiguration;
			buildSettings = {
				ASSETCATALOG_COMPILER_APPICON_NAME = AppIcon;
				ASSETCATALOG_COMPILER_GLOBAL_ACCENT_COLOR_NAME = AccentColor;
				CODE_SIGN_STYLE = Automatic;
				CURRENT_PROJECT_VERSION = 1;
				DEVELOPMENT_TEAM = UAGG6Y83F8;
				GENERATE_INFOPLIST_FILE = YES;
				INFOPLIST_FILE = TwitterClient/Info.plist;
				INFOPLIST_KEY_UIApplicationSupportsIndirectInputEvents = YES;
				INFOPLIST_KEY_UILaunchStoryboardName = LaunchScreen;
				INFOPLIST_KEY_UISupportedInterfaceOrientations_iPad = "UIInterfaceOrientationPortrait UIInterfaceOrientationPortraitUpsideDown UIInterfaceOrientationLandscapeLeft UIInterfaceOrientationLandscapeRight";
				INFOPLIST_KEY_UISupportedInterfaceOrientations_iPhone = "UIInterfaceOrientationPortrait UIInterfaceOrientationLandscapeLeft UIInterfaceOrientationLandscapeRight";
				LD_RUNPATH_SEARCH_PATHS = (
					"$(inherited)",
					"@executable_path/Frameworks",
				);
				MARKETING_VERSION = 1.0;
				PRODUCT_BUNDLE_IDENTIFIER = com.student.TwitterClient;
				PRODUCT_NAME = "$(TARGET_NAME)";
				SWIFT_EMIT_LOC_STRINGS = YES;
				SWIFT_VERSION = 5.0;
				TARGETED_DEVICE_FAMILY = "1,2";
			};
			name = Release;
		};
		8D714840272097D9003B1A22 /* Debug */ = {
			isa = XCBuildConfiguration;
			buildSettings = {
				ALWAYS_EMBED_SWIFT_STANDARD_LIBRARIES = YES;
				BUNDLE_LOADER = "$(TEST_HOST)";
				CODE_SIGN_STYLE = Automatic;
				CURRENT_PROJECT_VERSION = 1;
				DEVELOPMENT_TEAM = UAGG6Y83F8;
				GENERATE_INFOPLIST_FILE = YES;
				IPHONEOS_DEPLOYMENT_TARGET = 15.0;
				LD_RUNPATH_SEARCH_PATHS = (
					"$(inherited)",
					"@executable_path/Frameworks",
					"@loader_path/Frameworks",
				);
				MARKETING_VERSION = 1.0;
				PRODUCT_BUNDLE_IDENTIFIER = com.student.TwitterClientTests;
				PRODUCT_NAME = "$(TARGET_NAME)";
				SWIFT_EMIT_LOC_STRINGS = NO;
				SWIFT_VERSION = 5.0;
				TARGETED_DEVICE_FAMILY = "1,2";
				TEST_HOST = "$(BUILT_PRODUCTS_DIR)/TwitterClient.app/TwitterClient";
			};
			name = Debug;
		};
		8D714841272097D9003B1A22 /* Release */ = {
			isa = XCBuildConfiguration;
			buildSettings = {
				ALWAYS_EMBED_SWIFT_STANDARD_LIBRARIES = YES;
				BUNDLE_LOADER = "$(TEST_HOST)";
				CODE_SIGN_STYLE = Automatic;
				CURRENT_PROJECT_VERSION = 1;
				DEVELOPMENT_TEAM = UAGG6Y83F8;
				GENERATE_INFOPLIST_FILE = YES;
				IPHONEOS_DEPLOYMENT_TARGET = 15.0;
				LD_RUNPATH_SEARCH_PATHS = (
					"$(inherited)",
					"@executable_path/Frameworks",
					"@loader_path/Frameworks",
				);
				MARKETING_VERSION = 1.0;
				PRODUCT_BUNDLE_IDENTIFIER = com.student.TwitterClientTests;
				PRODUCT_NAME = "$(TARGET_NAME)";
				SWIFT_EMIT_LOC_STRINGS = NO;
				SWIFT_VERSION = 5.0;
				TARGETED_DEVICE_FAMILY = "1,2";
				TEST_HOST = "$(BUILT_PRODUCTS_DIR)/TwitterClient.app/TwitterClient";
			};
			name = Release;
		};
		8D714843272097D9003B1A22 /* Debug */ = {
			isa = XCBuildConfiguration;
			buildSettings = {
				ALWAYS_EMBED_SWIFT_STANDARD_LIBRARIES = YES;
				CODE_SIGN_STYLE = Automatic;
				CURRENT_PROJECT_VERSION = 1;
				DEVELOPMENT_TEAM = UAGG6Y83F8;
				GENERATE_INFOPLIST_FILE = YES;
				LD_RUNPATH_SEARCH_PATHS = (
					"$(inherited)",
					"@executable_path/Frameworks",
					"@loader_path/Frameworks",
				);
				MARKETING_VERSION = 1.0;
				PRODUCT_BUNDLE_IDENTIFIER = com.student.TwitterClientUITests;
				PRODUCT_NAME = "$(TARGET_NAME)";
				SWIFT_EMIT_LOC_STRINGS = NO;
				SWIFT_VERSION = 5.0;
				TARGETED_DEVICE_FAMILY = "1,2";
				TEST_TARGET_NAME = TwitterClient;
			};
			name = Debug;
		};
		8D714844272097D9003B1A22 /* Release */ = {
			isa = XCBuildConfiguration;
			buildSettings = {
				ALWAYS_EMBED_SWIFT_STANDARD_LIBRARIES = YES;
				CODE_SIGN_STYLE = Automatic;
				CURRENT_PROJECT_VERSION = 1;
				DEVELOPMENT_TEAM = UAGG6Y83F8;
				GENERATE_INFOPLIST_FILE = YES;
				LD_RUNPATH_SEARCH_PATHS = (
					"$(inherited)",
					"@executable_path/Frameworks",
					"@loader_path/Frameworks",
				);
				MARKETING_VERSION = 1.0;
				PRODUCT_BUNDLE_IDENTIFIER = com.student.TwitterClientUITests;
				PRODUCT_NAME = "$(TARGET_NAME)";
				SWIFT_EMIT_LOC_STRINGS = NO;
				SWIFT_VERSION = 5.0;
				TARGETED_DEVICE_FAMILY = "1,2";
				TEST_TARGET_NAME = TwitterClient;
			};
			name = Release;
		};
/* End XCBuildConfiguration section */

/* Begin XCConfigurationList section */
		8D71480D272097D3003B1A22 /* Build configuration list for PBXProject "TwitterClient" */ = {
			isa = XCConfigurationList;
			buildConfigurations = (
				8D71483A272097D9003B1A22 /* Debug */,
				8D71483B272097D9003B1A22 /* Release */,
			);
			defaultConfigurationIsVisible = 0;
			defaultConfigurationName = Release;
		};
		8D71483C272097D9003B1A22 /* Build configuration list for PBXNativeTarget "TwitterClient" */ = {
			isa = XCConfigurationList;
			buildConfigurations = (
				8D71483D272097D9003B1A22 /* Debug */,
				8D71483E272097D9003B1A22 /* Release */,
			);
			defaultConfigurationIsVisible = 0;
			defaultConfigurationName = Release;
		};
		8D71483F272097D9003B1A22 /* Build configuration list for PBXNativeTarget "TwitterClientTests" */ = {
			isa = XCConfigurationList;
			buildConfigurations = (
				8D714840272097D9003B1A22 /* Debug */,
				8D714841272097D9003B1A22 /* Release */,
			);
			defaultConfigurationIsVisible = 0;
			defaultConfigurationName = Release;
		};
		8D714842272097D9003B1A22 /* Build configuration list for PBXNativeTarget "TwitterClientUITests" */ = {
			isa = XCConfigurationList;
			buildConfigurations = (
				8D714843272097D9003B1A22 /* Debug */,
				8D714844272097D9003B1A22 /* Release */,
			);
			defaultConfigurationIsVisible = 0;
			defaultConfigurationName = Release;
		};
/* End XCConfigurationList section */
	};
	rootObject = 8D71480A272097D3003B1A22 /* Project object */;
}
